
Microsoft Visual Studio Solution File, Format Version 12.00
# Visual Studio Version 17
VisualStudioVersion = 17.1.32210.238
MinimumVisualStudioVersion = 10.0.40219.1
Project("{FAE04EC0-301F-11D3-BF4B-00C04F79EFBC}") = "TaskValidatePassword", "TaskValidatePassword\TaskValidatePassword.csproj", "{50FA446C-C2B2-43E3-A86D-44FB466A70BE}"
EndProject
Global
	GlobalSection(SolutionConfigurationPlatforms) = preSolution
		Debug|Any CPU = Debug|Any CPU
		Release|Any CPU = Release|Any CPU
	EndGlobalSection
	GlobalSection(ProjectConfigurationPlatforms) = postSolution
		{50FA446C-C2B2-43E3-A86D-44FB466A70BE}.Debug|Any CPU.ActiveCfg = Debug|Any CPU
		{50FA446C-C2B2-43E3-A86D-44FB466A70BE}.Debug|Any CPU.Build.0 = Debug|Any CPU
		{50FA446C-C2B2-43E3-A86D-44FB466A70BE}.Release|Any CPU.ActiveCfg = Release|Any CPU
		{50FA446C-C2B2-43E3-A86D-44FB466A70BE}.Release|Any CPU.Build.0 = Release|Any CPU
	EndGlobalSection
	GlobalSection(SolutionProperties) = preSolution
		HideSolutionNode = FALSE
	EndGlobalSection
	GlobalSection(ExtensibilityGlobals) = postSolution
		SolutionGuid = {299D5F4C-2470-4A89-9073-3639BF523F8C}
	EndGlobalSection
EndGlobal
